{
  "name": "@day1co/tsconfig",
  "version": "1.1.0",
  "lockfileVersion": 3,
  "requires": true,
  "packages": {
    "": {
      "name": "@day1co/tsconfig",
      "version": "1.1.0",
      "license": "MIT",
      "devDependencies": {
        "@tsconfig/node-lts": "^18.12.1"
      }
    },
    "node_modules/@tsconfig/node-lts": {
      "version": "18.12.1",
      "resolved": "https://registry.npmjs.org/@tsconfig/node-lts/-/node-lts-18.12.1.tgz",
      "integrity": "sha512-UkIaMWDwJ+qJX/os8lzYh7m47qQJY7sIp1WZiEStASrpzczp27+jA0fJES+IjnS2OlDDLeBghNrVkKw8iYIRdA==",
      "dev": true
    }
  }
}
